
Microsoft Visual Studio Solution File, Format Version 12.00
# Visual Studio Version 17
VisualStudioVersion = 17.9.34616.47
MinimumVisualStudioVersion = 10.0.40219.1
Project("{FAE04EC0-301F-11D3-BF4B-00C04F79EFBC}") = "Exercise2", "Exercise2\Exercise2.csproj", "{228EB95D-23CE-4179-BC7A-A91C4452A7B3}"
EndProject
Global
	GlobalSection(SolutionConfigurationPlatforms) = preSolution
		Debug|Any CPU = Debug|Any CPU
		Release|Any CPU = Release|Any CPU
	EndGlobalSection
	GlobalSection(ProjectConfigurationPlatforms) = postSolution
		{228EB95D-23CE-4179-BC7A-A91C4452A7B3}.Debug|Any CPU.ActiveCfg = Debug|Any CPU
		{228EB95D-23CE-4179-BC7A-A91C4452A7B3}.Debug|Any CPU.Build.0 = Debug|Any CPU
		{228EB95D-23CE-4179-BC7A-A91C4452A7B3}.Release|Any CPU.ActiveCfg = Release|Any CPU
		{228EB95D-23CE-4179-BC7A-A91C4452A7B3}.Release|Any CPU.Build.0 = Release|Any CPU
	EndGlobalSection
	GlobalSection(SolutionProperties) = preSolution
		HideSolutionNode = FALSE
	EndGlobalSection
	GlobalSection(ExtensibilityGlobals) = postSolution
		SolutionGuid = {691C2F6E-0CD5-4A0E-81FA-0B36B1928D83}
	EndGlobalSection
EndGlobal
