
Microsoft Visual Studio Solution File, Format Version 12.00
# Visual Studio Version 17
VisualStudioVersion = 17.9.34616.47
MinimumVisualStudioVersion = 10.0.40219.1
Project("{FAE04EC0-301F-11D3-BF4B-00C04F79EFBC}") = "Exercise2", "Exercise2\Exercise2.csproj", "{051A2E67-CD51-4CCC-A633-F4DCE3B2BEB2}"
EndProject
Global
	GlobalSection(SolutionConfigurationPlatforms) = preSolution
		Debug|Any CPU = Debug|Any CPU
		Release|Any CPU = Release|Any CPU
	EndGlobalSection
	GlobalSection(ProjectConfigurationPlatforms) = postSolution
		{051A2E67-CD51-4CCC-A633-F4DCE3B2BEB2}.Debug|Any CPU.ActiveCfg = Debug|Any CPU
		{051A2E67-CD51-4CCC-A633-F4DCE3B2BEB2}.Debug|Any CPU.Build.0 = Debug|Any CPU
		{051A2E67-CD51-4CCC-A633-F4DCE3B2BEB2}.Release|Any CPU.ActiveCfg = Release|Any CPU
		{051A2E67-CD51-4CCC-A633-F4DCE3B2BEB2}.Release|Any CPU.Build.0 = Release|Any CPU
	EndGlobalSection
	GlobalSection(SolutionProperties) = preSolution
		HideSolutionNode = FALSE
	EndGlobalSection
	GlobalSection(ExtensibilityGlobals) = postSolution
		SolutionGuid = {11F0B6DB-B411-4398-A4DA-DA517C41B08B}
	EndGlobalSection
EndGlobal
